
Microsoft Visual Studio Solution File, Format Version 12.00
# Visual Studio 14
VisualStudioVersion = 14.0.25420.1
MinimumVisualStudioVersion = 10.0.40219.1
Project("{FAE04EC0-301F-11D3-BF4B-00C04F79EFBC}") = "sistema_ventas", "sistema_ventas\sistema_ventas.csproj", "{3AC2E5BF-7604-4B91-B516-60AA39B2282F}"
EndProject
Project("{FAE04EC0-301F-11D3-BF4B-00C04F79EFBC}") = "capa_datos", "capa_datos\capa_datos.csproj", "{DE5E3521-4CF4-476D-989C-6B2BD63B7F35}"
EndProject
Project("{FAE04EC0-301F-11D3-BF4B-00C04F79EFBC}") = "capa_negocio", "capa_negocio\capa_negocio.csproj", "{79B2E0DC-A18D-4BD6-BC01-58A54B1BC8CD}"
EndProject
Project("{FAE04EC0-301F-11D3-BF4B-00C04F79EFBC}") = "capa_presentacion", "capa_presentacion\capa_presentacion.csproj", "{5CEA369B-EDCD-40B2-B7A8-ACBD49876E4F}"
EndProject
Global
	GlobalSection(SolutionConfigurationPlatforms) = preSolution
		Debug|Any CPU = Debug|Any CPU
		Release|Any CPU = Release|Any CPU
	EndGlobalSection
	GlobalSection(ProjectConfigurationPlatforms) = postSolution
		{3AC2E5BF-7604-4B91-B516-60AA39B2282F}.Debug|Any CPU.ActiveCfg = Debug|Any CPU
		{3AC2E5BF-7604-4B91-B516-60AA39B2282F}.Debug|Any CPU.Build.0 = Debug|Any CPU
		{3AC2E5BF-7604-4B91-B516-60AA39B2282F}.Release|Any CPU.ActiveCfg = Release|Any CPU
		{3AC2E5BF-7604-4B91-B516-60AA39B2282F}.Release|Any CPU.Build.0 = Release|Any CPU
		{DE5E3521-4CF4-476D-989C-6B2BD63B7F35}.Debug|Any CPU.ActiveCfg = Debug|Any CPU
		{DE5E3521-4CF4-476D-989C-6B2BD63B7F35}.Debug|Any CPU.Build.0 = Debug|Any CPU
		{DE5E3521-4CF4-476D-989C-6B2BD63B7F35}.Release|Any CPU.ActiveCfg = Release|Any CPU
		{DE5E3521-4CF4-476D-989C-6B2BD63B7F35}.Release|Any CPU.Build.0 = Release|Any CPU
		{79B2E0DC-A18D-4BD6-BC01-58A54B1BC8CD}.Debug|Any CPU.ActiveCfg = Debug|Any CPU
		{79B2E0DC-A18D-4BD6-BC01-58A54B1BC8CD}.Debug|Any CPU.Build.0 = Debug|Any CPU
		{79B2E0DC-A18D-4BD6-BC01-58A54B1BC8CD}.Release|Any CPU.ActiveCfg = Release|Any CPU
		{79B2E0DC-A18D-4BD6-BC01-58A54B1BC8CD}.Release|Any CPU.Build.0 = Release|Any CPU
		{5CEA369B-EDCD-40B2-B7A8-ACBD49876E4F}.Debug|Any CPU.ActiveCfg = Debug|Any CPU
		{5CEA369B-EDCD-40B2-B7A8-ACBD49876E4F}.Debug|Any CPU.Build.0 = Debug|Any CPU
		{5CEA369B-EDCD-40B2-B7A8-ACBD49876E4F}.Release|Any CPU.ActiveCfg = Release|Any CPU
		{5CEA369B-EDCD-40B2-B7A8-ACBD49876E4F}.Release|Any CPU.Build.0 = Release|Any CPU
	EndGlobalSection
	GlobalSection(SolutionProperties) = preSolution
		HideSolutionNode = FALSE
	EndGlobalSection
EndGlobal
